
Microsoft Visual Studio Solution File, Format Version 12.00
# Visual Studio 15
VisualStudioVersion = 15.0.28010.2036
MinimumVisualStudioVersion = 10.0.40219.1
Project("{FAE04EC0-301F-11D3-BF4B-00C04F79EFBC}") = "GuerraDeTroya", "GuerraDeTroya\GuerraDeTroya.csproj", "{10221759-58C6-4CBC-917B-8A11167E921E}"
EndProject
Global
	GlobalSection(SolutionConfigurationPlatforms) = preSolution
		Debug|Any CPU = Debug|Any CPU
		Release|Any CPU = Release|Any CPU
	EndGlobalSection
	GlobalSection(ProjectConfigurationPlatforms) = postSolution
		{10221759-58C6-4CBC-917B-8A11167E921E}.Debug|Any CPU.ActiveCfg = Debug|Any CPU
		{10221759-58C6-4CBC-917B-8A11167E921E}.Debug|Any CPU.Build.0 = Debug|Any CPU
		{10221759-58C6-4CBC-917B-8A11167E921E}.Release|Any CPU.ActiveCfg = Release|Any CPU
		{10221759-58C6-4CBC-917B-8A11167E921E}.Release|Any CPU.Build.0 = Release|Any CPU
	EndGlobalSection
	GlobalSection(SolutionProperties) = preSolution
		HideSolutionNode = FALSE
	EndGlobalSection
	GlobalSection(ExtensibilityGlobals) = postSolution
		SolutionGuid = {BFA21E06-BA3E-44E8-9E71-2E9FC824F107}
	EndGlobalSection
EndGlobal
